
Microsoft Visual Studio Solution File, Format Version 12.00
Project("{FAE04EC0-301F-11D3-BF4B-00C04F79EFBC}") = "APIClient", "APIClient\APIClient.csproj", "{52D7C232-B832-4458-BD9F-99E84252B427}"
EndProject
Global
	GlobalSection(SolutionConfigurationPlatforms) = preSolution
		Debug|Any CPU = Debug|Any CPU
		Release|Any CPU = Release|Any CPU
	EndGlobalSection
	GlobalSection(ProjectConfigurationPlatforms) = postSolution
		{52D7C232-B832-4458-BD9F-99E84252B427}.Debug|Any CPU.ActiveCfg = Debug|Any CPU
		{52D7C232-B832-4458-BD9F-99E84252B427}.Debug|Any CPU.Build.0 = Debug|Any CPU
		{52D7C232-B832-4458-BD9F-99E84252B427}.Release|Any CPU.ActiveCfg = Release|Any CPU
		{52D7C232-B832-4458-BD9F-99E84252B427}.Release|Any CPU.Build.0 = Release|Any CPU
	EndGlobalSection
EndGlobal
